
Microsoft Visual Studio Solution File, Format Version 12.00
# Visual Studio 14
VisualStudioVersion = 14.0.25420.1
MinimumVisualStudioVersion = 10.0.40219.1
Project("{FAE04EC0-301F-11D3-BF4B-00C04F79EFBC}") = "WildFlowers", "WildFlowers\WildFlowers\WildFlowers.csproj", "{EFCE5A5C-4BA9-4483-9006-AFF5744C2CA3}"
EndProject
Project("{FAE04EC0-301F-11D3-BF4B-00C04F79EFBC}") = "WildFlowers.Droid", "WildFlowers\WildFlowers.Droid\WildFlowers.Droid.csproj", "{0FB8ED8C-30FC-4ABB-99CC-8E267A734561}"
EndProject
Project("{FAE04EC0-301F-11D3-BF4B-00C04F79EFBC}") = "WildFlowers.iOS", "WildFlowers\WildFlowers.iOS\WildFlowers.iOS.csproj", "{F564AE9F-0D0A-46D4-9259-B32957F3D1AA}"
EndProject
Project("{FAE04EC0-301F-11D3-BF4B-00C04F79EFBC}") = "WildFlowers.WinPhone", "WildFlowers\WildFlowers.WinPhone\WildFlowers.WinPhone.csproj", "{41CEDB6E-EE43-4C45-8040-DA8F536B8B3D}"
EndProject
Project("{FAE04EC0-301F-11D3-BF4B-00C04F79EFBC}") = "WildFlowers.UWP", "WildFlowers\WildFlowers.UWP\WildFlowers.UWP.csproj", "{7E63243E-CF26-4C1A-A15B-9B2AFB58E387}"
EndProject
Project("{FAE04EC0-301F-11D3-BF4B-00C04F79EFBC}") = "WildFlowers.Windows", "WildFlowers\WildFlowers.Windows\WildFlowers.Windows.csproj", "{9050D8E9-FCA1-429B-A4F4-1094D7CFE6A0}"
EndProject
Global
	GlobalSection(SolutionConfigurationPlatforms) = preSolution
		Ad-Hoc|Any CPU = Ad-Hoc|Any CPU
		Ad-Hoc|ARM = Ad-Hoc|ARM
		Ad-Hoc|iPhone = Ad-Hoc|iPhone
		Ad-Hoc|iPhoneSimulator = Ad-Hoc|iPhoneSimulator
		Ad-Hoc|x64 = Ad-Hoc|x64
		Ad-Hoc|x86 = Ad-Hoc|x86
		AppStore|Any CPU = AppStore|Any CPU
		AppStore|ARM = AppStore|ARM
		AppStore|iPhone = AppStore|iPhone
		AppStore|iPhoneSimulator = AppStore|iPhoneSimulator
		AppStore|x64 = AppStore|x64
		AppStore|x86 = AppStore|x86
		Debug|Any CPU = Debug|Any CPU
		Debug|ARM = Debug|ARM
		Debug|iPhone = Debug|iPhone
		Debug|iPhoneSimulator = Debug|iPhoneSimulator
		Debug|x64 = Debug|x64
		Debug|x86 = Debug|x86
		Release|Any CPU = Release|Any CPU
		Release|ARM = Release|ARM
		Release|iPhone = Release|iPhone
		Release|iPhoneSimulator = Release|iPhoneSimulator
		Release|x64 = Release|x64
		Release|x86 = Release|x86
	EndGlobalSection
	GlobalSection(ProjectConfigurationPlatforms) = postSolution
		{EFCE5A5C-4BA9-4483-9006-AFF5744C2CA3}.Ad-Hoc|Any CPU.ActiveCfg = Release|Any CPU
		{EFCE5A5C-4BA9-4483-9006-AFF5744C2CA3}.Ad-Hoc|Any CPU.Build.0 = Release|Any CPU
		{EFCE5A5C-4BA9-4483-9006-AFF5744C2CA3}.Ad-Hoc|ARM.ActiveCfg = Release|Any CPU
		{EFCE5A5C-4BA9-4483-9006-AFF5744C2CA3}.Ad-Hoc|ARM.Build.0 = Release|Any CPU
		{EFCE5A5C-4BA9-4483-9006-AFF5744C2CA3}.Ad-Hoc|iPhone.ActiveCfg = Release|Any CPU
		{EFCE5A5C-4BA9-4483-9006-AFF5744C2CA3}.Ad-Hoc|iPhone.Build.0 = Release|Any CPU
		{EFCE5A5C-4BA9-4483-9006-AFF5744C2CA3}.Ad-Hoc|iPhoneSimulator.ActiveCfg = Release|Any CPU
		{EFCE5A5C-4BA9-4483-9006-AFF5744C2CA3}.Ad-Hoc|iPhoneSimulator.Build.0 = Release|Any CPU
		{EFCE5A5C-4BA9-4483-9006-AFF5744C2CA3}.Ad-Hoc|x64.ActiveCfg = Release|Any CPU
		{EFCE5A5C-4BA9-4483-9006-AFF5744C2CA3}.Ad-Hoc|x64.Build.0 = Release|Any CPU
		{EFCE5A5C-4BA9-4483-9006-AFF5744C2CA3}.Ad-Hoc|x86.ActiveCfg = Release|Any CPU
		{EFCE5A5C-4BA9-4483-9006-AFF5744C2CA3}.Ad-Hoc|x86.Build.0 = Release|Any CPU
		{EFCE5A5C-4BA9-4483-9006-AFF5744C2CA3}.AppStore|Any CPU.ActiveCfg = Release|Any CPU
		{EFCE5A5C-4BA9-4483-9006-AFF5744C2CA3}.AppStore|Any CPU.Build.0 = Release|Any CPU
		{EFCE5A5C-4BA9-4483-9006-AFF5744C2CA3}.AppStore|ARM.ActiveCfg = Release|Any CPU
		{EFCE5A5C-4BA9-4483-9006-AFF5744C2CA3}.AppStore|ARM.Build.0 = Release|Any CPU
		{EFCE5A5C-4BA9-4483-9006-AFF5744C2CA3}.AppStore|iPhone.ActiveCfg = Release|Any CPU
		{EFCE5A5C-4BA9-4483-9006-AFF5744C2CA3}.AppStore|iPhone.Build.0 = Release|Any CPU
		{EFCE5A5C-4BA9-4483-9006-AFF5744C2CA3}.AppStore|iPhoneSimulator.ActiveCfg = Release|Any CPU
		{EFCE5A5C-4BA9-4483-9006-AFF5744C2CA3}.AppStore|iPhoneSimulator.Build.0 = Release|Any CPU
		{EFCE5A5C-4BA9-4483-9006-AFF5744C2CA3}.AppStore|x64.ActiveCfg = Release|Any CPU
		{EFCE5A5C-4BA9-4483-9006-AFF5744C2CA3}.AppStore|x64.Build.0 = Release|Any CPU
		{EFCE5A5C-4BA9-4483-9006-AFF5744C2CA3}.AppStore|x86.ActiveCfg = Release|Any CPU
		{EFCE5A5C-4BA9-4483-9006-AFF5744C2CA3}.AppStore|x86.Build.0 = Release|Any CPU
		{EFCE5A5C-4BA9-4483-9006-AFF5744C2CA3}.Debug|Any CPU.ActiveCfg = Debug|Any CPU
		{EFCE5A5C-4BA9-4483-9006-AFF5744C2CA3}.Debug|Any CPU.Build.0 = Debug|Any CPU
		{EFCE5A5C-4BA9-4483-9006-AFF5744C2CA3}.Debug|ARM.ActiveCfg = Debug|Any CPU
		{EFCE5A5C-4BA9-4483-9006-AFF5744C2CA3}.Debug|ARM.Build.0 = Debug|Any CPU
		{EFCE5A5C-4BA9-4483-9006-AFF5744C2CA3}.Debug|iPhone.ActiveCfg = Debug|Any CPU
		{EFCE5A5C-4BA9-4483-9006-AFF5744C2CA3}.Debug|iPhone.Build.0 = Debug|Any CPU
		{EFCE5A5C-4BA9-4483-9006-AFF5744C2CA3}.Debug|iPhoneSimulator.ActiveCfg = Debug|Any CPU
		{EFCE5A5C-4BA9-4483-9006-AFF5744C2CA3}.Debug|iPhoneSimulator.Build.0 = Debug|Any CPU
		{EFCE5A5C-4BA9-4483-9006-AFF5744C2CA3}.Debug|x64.ActiveCfg = Debug|Any CPU
		{EFCE5A5C-4BA9-4483-9006-AFF5744C2CA3}.Debug|x64.Build.0 = Debug|Any CPU
		{EFCE5A5C-4BA9-4483-9006-AFF5744C2CA3}.Debug|x86.ActiveCfg = Debug|Any CPU
		{EFCE5A5C-4BA9-4483-9006-AFF5744C2CA3}.Debug|x86.Build.0 = Debug|Any CPU
		{EFCE5A5C-4BA9-4483-9006-AFF5744C2CA3}.Release|Any CPU.ActiveCfg = Release|Any CPU
		{EFCE5A5C-4BA9-4483-9006-AFF5744C2CA3}.Release|Any CPU.Build.0 = Release|Any CPU
		{EFCE5A5C-4BA9-4483-9006-AFF5744C2CA3}.Release|ARM.ActiveCfg = Release|Any CPU
		{EFCE5A5C-4BA9-4483-9006-AFF5744C2CA3}.Release|ARM.Build.0 = Release|Any CPU
		{EFCE5A5C-4BA9-4483-9006-AFF5744C2CA3}.Release|iPhone.ActiveCfg = Release|Any CPU
		{EFCE5A5C-4BA9-4483-9006-AFF5744C2CA3}.Release|iPhone.Build.0 = Release|Any CPU
		{EFCE5A5C-4BA9-4483-9006-AFF5744C2CA3}.Release|iPhoneSimulator.ActiveCfg = Release|Any CPU
		{EFCE5A5C-4BA9-4483-9006-AFF5744C2CA3}.Release|iPhoneSimulator.Build.0 = Release|Any CPU
		{EFCE5A5C-4BA9-4483-9006-AFF5744C2CA3}.Release|x64.ActiveCfg = Release|Any CPU
		{EFCE5A5C-4BA9-4483-9006-AFF5744C2CA3}.Release|x64.Build.0 = Release|Any CPU
		{EFCE5A5C-4BA9-4483-9006-AFF5744C2CA3}.Release|x86.ActiveCfg = Release|Any CPU
		{EFCE5A5C-4BA9-4483-9006-AFF5744C2CA3}.Release|x86.Build.0 = Release|Any CPU
		{0FB8ED8C-30FC-4ABB-99CC-8E267A734561}.Ad-Hoc|Any CPU.ActiveCfg = Release|Any CPU
		{0FB8ED8C-30FC-4ABB-99CC-8E267A734561}.Ad-Hoc|Any CPU.Build.0 = Release|Any CPU
		{0FB8ED8C-30FC-4ABB-99CC-8E267A734561}.Ad-Hoc|Any CPU.Deploy.0 = Release|Any CPU
		{0FB8ED8C-30FC-4ABB-99CC-8E267A734561}.Ad-Hoc|ARM.ActiveCfg = Release|Any CPU
		{0FB8ED8C-30FC-4ABB-99CC-8E267A734561}.Ad-Hoc|ARM.Build.0 = Release|Any CPU
		{0FB8ED8C-30FC-4ABB-99CC-8E267A734561}.Ad-Hoc|ARM.Deploy.0 = Release|Any CPU
		{0FB8ED8C-30FC-4ABB-99CC-8E267A734561}.Ad-Hoc|iPhone.ActiveCfg = Release|Any CPU
		{0FB8ED8C-30FC-4ABB-99CC-8E267A734561}.Ad-Hoc|iPhone.Build.0 = Release|Any CPU
		{0FB8ED8C-30FC-4ABB-99CC-8E267A734561}.Ad-Hoc|iPhone.Deploy.0 = Release|Any CPU
		{0FB8ED8C-30FC-4ABB-99CC-8E267A734561}.Ad-Hoc|iPhoneSimulator.ActiveCfg = Release|Any CPU
		{0FB8ED8C-30FC-4ABB-99CC-8E267A734561}.Ad-Hoc|iPhoneSimulator.Build.0 = Release|Any CPU
		{0FB8ED8C-30FC-4ABB-99CC-8E267A734561}.Ad-Hoc|iPhoneSimulator.Deploy.0 = Release|Any CPU
		{0FB8ED8C-30FC-4ABB-99CC-8E267A734561}.Ad-Hoc|x64.ActiveCfg = Release|Any CPU
		{0FB8ED8C-30FC-4ABB-99CC-8E267A734561}.Ad-Hoc|x64.Build.0 = Release|Any CPU
		{0FB8ED8C-30FC-4ABB-99CC-8E267A734561}.Ad-Hoc|x64.Deploy.0 = Release|Any CPU
		{0FB8ED8C-30FC-4ABB-99CC-8E267A734561}.Ad-Hoc|x86.ActiveCfg = Release|Any CPU
		{0FB8ED8C-30FC-4ABB-99CC-8E267A734561}.Ad-Hoc|x86.Build.0 = Release|Any CPU
		{0FB8ED8C-30FC-4ABB-99CC-8E267A734561}.Ad-Hoc|x86.Deploy.0 = Release|Any CPU
		{0FB8ED8C-30FC-4ABB-99CC-8E267A734561}.AppStore|Any CPU.ActiveCfg = Release|Any CPU
		{0FB8ED8C-30FC-4ABB-99CC-8E267A734561}.AppStore|Any CPU.Build.0 = Release|Any CPU
		{0FB8ED8C-30FC-4ABB-99CC-8E267A734561}.AppStore|Any CPU.Deploy.0 = Release|Any CPU
		{0FB8ED8C-30FC-4ABB-99CC-8E267A734561}.AppStore|ARM.ActiveCfg = Release|Any CPU
		{0FB8ED8C-30FC-4ABB-99CC-8E267A734561}.AppStore|ARM.Build.0 = Release|Any CPU
		{0FB8ED8C-30FC-4ABB-99CC-8E267A734561}.AppStore|ARM.Deploy.0 = Release|Any CPU
		{0FB8ED8C-30FC-4ABB-99CC-8E267A734561}.AppStore|iPhone.ActiveCfg = Release|Any CPU
		{0FB8ED8C-30FC-4ABB-99CC-8E267A734561}.AppStore|iPhone.Build.0 = Release|Any CPU
		{0FB8ED8C-30FC-4ABB-99CC-8E267A734561}.AppStore|iPhone.Deploy.0 = Release|Any CPU
		{0FB8ED8C-30FC-4ABB-99CC-8E267A734561}.AppStore|iPhoneSimulator.ActiveCfg = Release|Any CPU
		{0FB8ED8C-30FC-4ABB-99CC-8E267A734561}.AppStore|iPhoneSimulator.Build.0 = Release|Any CPU
		{0FB8ED8C-30FC-4ABB-99CC-8E267A734561}.AppStore|iPhoneSimulator.Deploy.0 = Release|Any CPU
		{0FB8ED8C-30FC-4ABB-99CC-8E267A734561}.AppStore|x64.ActiveCfg = Release|Any CPU
		{0FB8ED8C-30FC-4ABB-99CC-8E267A734561}.AppStore|x64.Build.0 = Release|Any CPU
		{0FB8ED8C-30FC-4ABB-99CC-8E267A734561}.AppStore|x64.Deploy.0 = Release|Any CPU
		{0FB8ED8C-30FC-4ABB-99CC-8E267A734561}.AppStore|x86.ActiveCfg = Release|Any CPU
		{0FB8ED8C-30FC-4ABB-99CC-8E267A734561}.AppStore|x86.Build.0 = Release|Any CPU
		{0FB8ED8C-30FC-4ABB-99CC-8E267A734561}.AppStore|x86.Deploy.0 = Release|Any CPU
		{0FB8ED8C-30FC-4ABB-99CC-8E267A734561}.Debug|Any CPU.ActiveCfg = Debug|Any CPU
		{0FB8ED8C-30FC-4ABB-99CC-8E267A734561}.Debug|Any CPU.Build.0 = Debug|Any CPU
		{0FB8ED8C-30FC-4ABB-99CC-8E267A734561}.Debug|Any CPU.Deploy.0 = Debug|Any CPU
		{0FB8ED8C-30FC-4ABB-99CC-8E267A734561}.Debug|ARM.ActiveCfg = Debug|Any CPU
		{0FB8ED8C-30FC-4ABB-99CC-8E267A734561}.Debug|ARM.Build.0 = Debug|Any CPU
		{0FB8ED8C-30FC-4ABB-99CC-8E267A734561}.Debug|ARM.Deploy.0 = Debug|Any CPU
		{0FB8ED8C-30FC-4ABB-99CC-8E267A734561}.Debug|iPhone.ActiveCfg = Debug|Any CPU
		{0FB8ED8C-30FC-4ABB-99CC-8E267A734561}.Debug|iPhone.Build.0 = Debug|Any CPU
		{0FB8ED8C-30FC-4ABB-99CC-8E267A734561}.Debug|iPhone.Deploy.0 = Debug|Any CPU
		{0FB8ED8C-30FC-4ABB-99CC-8E267A734561}.Debug|iPhoneSimulator.ActiveCfg = Debug|Any CPU
		{0FB8ED8C-30FC-4ABB-99CC-8E267A734561}.Debug|iPhoneSimulator.Build.0 = Debug|Any CPU
		{0FB8ED8C-30FC-4ABB-99CC-8E267A734561}.Debug|iPhoneSimulator.Deploy.0 = Debug|Any CPU
		{0FB8ED8C-30FC-4ABB-99CC-8E267A734561}.Debug|x64.ActiveCfg = Debug|Any CPU
		{0FB8ED8C-30FC-4ABB-99CC-8E267A734561}.Debug|x64.Build.0 = Debug|Any CPU
		{0FB8ED8C-30FC-4ABB-99CC-8E267A734561}.Debug|x64.Deploy.0 = Debug|Any CPU
		{0FB8ED8C-30FC-4ABB-99CC-8E267A734561}.Debug|x86.ActiveCfg = Debug|Any CPU
		{0FB8ED8C-30FC-4ABB-99CC-8E267A734561}.Debug|x86.Build.0 = Debug|Any CPU
		{0FB8ED8C-30FC-4ABB-99CC-8E267A734561}.Debug|x86.Deploy.0 = Debug|Any CPU
		{0FB8ED8C-30FC-4ABB-99CC-8E267A734561}.Release|Any CPU.ActiveCfg = Release|Any CPU
		{0FB8ED8C-30FC-4ABB-99CC-8E267A734561}.Release|Any CPU.Build.0 = Release|Any CPU
		{0FB8ED8C-30FC-4ABB-99CC-8E267A734561}.Release|Any CPU.Deploy.0 = Release|Any CPU
		{0FB8ED8C-30FC-4ABB-99CC-8E267A734561}.Release|ARM.ActiveCfg = Release|Any CPU
		{0FB8ED8C-30FC-4ABB-99CC-8E267A734561}.Release|ARM.Build.0 = Release|Any CPU
		{0FB8ED8C-30FC-4ABB-99CC-8E267A734561}.Release|ARM.Deploy.0 = Release|Any CPU
		{0FB8ED8C-30FC-4ABB-99CC-8E267A734561}.Release|iPhone.ActiveCfg = Release|Any CPU
		{0FB8ED8C-30FC-4ABB-99CC-8E267A734561}.Release|iPhone.Build.0 = Release|Any CPU
		{0FB8ED8C-30FC-4ABB-99CC-8E267A734561}.Release|iPhone.Deploy.0 = Release|Any CPU
		{0FB8ED8C-30FC-4ABB-99CC-8E267A734561}.Release|iPhoneSimulator.ActiveCfg = Release|Any CPU
		{0FB8ED8C-30FC-4ABB-99CC-8E267A734561}.Release|iPhoneSimulator.Build.0 = Release|Any CPU
		{0FB8ED8C-30FC-4ABB-99CC-8E267A734561}.Release|iPhoneSimulator.Deploy.0 = Release|Any CPU
		{0FB8ED8C-30FC-4ABB-99CC-8E267A734561}.Release|x64.ActiveCfg = Release|Any CPU
		{0FB8ED8C-30FC-4ABB-99CC-8E267A734561}.Release|x64.Build.0 = Release|Any CPU
		{0FB8ED8C-30FC-4ABB-99CC-8E267A734561}.Release|x64.Deploy.0 = Release|Any CPU
		{0FB8ED8C-30FC-4ABB-99CC-8E267A734561}.Release|x86.ActiveCfg = Release|Any CPU
		{0FB8ED8C-30FC-4ABB-99CC-8E267A734561}.Release|x86.Build.0 = Release|Any CPU
		{0FB8ED8C-30FC-4ABB-99CC-8E267A734561}.Release|x86.Deploy.0 = Release|Any CPU
		{F564AE9F-0D0A-46D4-9259-B32957F3D1AA}.Ad-Hoc|Any CPU.ActiveCfg = Ad-Hoc|iPhone
		{F564AE9F-0D0A-46D4-9259-B32957F3D1AA}.Ad-Hoc|ARM.ActiveCfg = Ad-Hoc|iPhone
		{F564AE9F-0D0A-46D4-9259-B32957F3D1AA}.Ad-Hoc|iPhone.ActiveCfg = Ad-Hoc|iPhone
		{F564AE9F-0D0A-46D4-9259-B32957F3D1AA}.Ad-Hoc|iPhone.Build.0 = Ad-Hoc|iPhone
		{F564AE9F-0D0A-46D4-9259-B32957F3D1AA}.Ad-Hoc|iPhoneSimulator.ActiveCfg = Ad-Hoc|iPhoneSimulator
		{F564AE9F-0D0A-46D4-9259-B32957F3D1AA}.Ad-Hoc|iPhoneSimulator.Build.0 = Ad-Hoc|iPhoneSimulator
		{F564AE9F-0D0A-46D4-9259-B32957F3D1AA}.Ad-Hoc|x64.ActiveCfg = Ad-Hoc|iPhone
		{F564AE9F-0D0A-46D4-9259-B32957F3D1AA}.Ad-Hoc|x86.ActiveCfg = Ad-Hoc|iPhone
		{F564AE9F-0D0A-46D4-9259-B32957F3D1AA}.AppStore|Any CPU.ActiveCfg = AppStore|iPhone
		{F564AE9F-0D0A-46D4-9259-B32957F3D1AA}.AppStore|ARM.ActiveCfg = AppStore|iPhone
		{F564AE9F-0D0A-46D4-9259-B32957F3D1AA}.AppStore|iPhone.ActiveCfg = AppStore|iPhone
		{F564AE9F-0D0A-46D4-9259-B32957F3D1AA}.AppStore|iPhone.Build.0 = AppStore|iPhone
		{F564AE9F-0D0A-46D4-9259-B32957F3D1AA}.AppStore|iPhoneSimulator.ActiveCfg = AppStore|iPhoneSimulator
		{F564AE9F-0D0A-46D4-9259-B32957F3D1AA}.AppStore|iPhoneSimulator.Build.0 = AppStore|iPhoneSimulator
		{F564AE9F-0D0A-46D4-9259-B32957F3D1AA}.AppStore|x64.ActiveCfg = AppStore|iPhone
		{F564AE9F-0D0A-46D4-9259-B32957F3D1AA}.AppStore|x86.ActiveCfg = AppStore|iPhone
		{F564AE9F-0D0A-46D4-9259-B32957F3D1AA}.Debug|Any CPU.ActiveCfg = Debug|iPhone
		{F564AE9F-0D0A-46D4-9259-B32957F3D1AA}.Debug|ARM.ActiveCfg = Debug|iPhone
		{F564AE9F-0D0A-46D4-9259-B32957F3D1AA}.Debug|iPhone.ActiveCfg = Debug|iPhone
		{F564AE9F-0D0A-46D4-9259-B32957F3D1AA}.Debug|iPhone.Build.0 = Debug|iPhone
		{F564AE9F-0D0A-46D4-9259-B32957F3D1AA}.Debug|iPhoneSimulator.ActiveCfg = Debug|iPhoneSimulator
		{F564AE9F-0D0A-46D4-9259-B32957F3D1AA}.Debug|iPhoneSimulator.Build.0 = Debug|iPhoneSimulator
		{F564AE9F-0D0A-46D4-9259-B32957F3D1AA}.Debug|x64.ActiveCfg = Debug|iPhone
		{F564AE9F-0D0A-46D4-9259-B32957F3D1AA}.Debug|x86.ActiveCfg = Debug|iPhone
		{F564AE9F-0D0A-46D4-9259-B32957F3D1AA}.Release|Any CPU.ActiveCfg = Release|iPhone
		{F564AE9F-0D0A-46D4-9259-B32957F3D1AA}.Release|ARM.ActiveCfg = Release|iPhone
		{F564AE9F-0D0A-46D4-9259-B32957F3D1AA}.Release|iPhone.ActiveCfg = Release|iPhone
		{F564AE9F-0D0A-46D4-9259-B32957F3D1AA}.Release|iPhone.Build.0 = Release|iPhone
		{F564AE9F-0D0A-46D4-9259-B32957F3D1AA}.Release|iPhoneSimulator.ActiveCfg = Release|iPhoneSimulator
		{F564AE9F-0D0A-46D4-9259-B32957F3D1AA}.Release|iPhoneSimulator.Build.0 = Release|iPhoneSimulator
		{F564AE9F-0D0A-46D4-9259-B32957F3D1AA}.Release|x64.ActiveCfg = Release|iPhone
		{F564AE9F-0D0A-46D4-9259-B32957F3D1AA}.Release|x86.ActiveCfg = Release|iPhone
		{41CEDB6E-EE43-4C45-8040-DA8F536B8B3D}.Ad-Hoc|Any CPU.ActiveCfg = Release|Any CPU
		{41CEDB6E-EE43-4C45-8040-DA8F536B8B3D}.Ad-Hoc|Any CPU.Build.0 = Release|Any CPU
		{41CEDB6E-EE43-4C45-8040-DA8F536B8B3D}.Ad-Hoc|Any CPU.Deploy.0 = Release|Any CPU
		{41CEDB6E-EE43-4C45-8040-DA8F536B8B3D}.Ad-Hoc|ARM.ActiveCfg = Release|ARM
		{41CEDB6E-EE43-4C45-8040-DA8F536B8B3D}.Ad-Hoc|ARM.Build.0 = Release|ARM
		{41CEDB6E-EE43-4C45-8040-DA8F536B8B3D}.Ad-Hoc|ARM.Deploy.0 = Release|ARM
		{41CEDB6E-EE43-4C45-8040-DA8F536B8B3D}.Ad-Hoc|iPhone.ActiveCfg = Release|Any CPU
		{41CEDB6E-EE43-4C45-8040-DA8F536B8B3D}.Ad-Hoc|iPhone.Build.0 = Release|Any CPU
		{41CEDB6E-EE43-4C45-8040-DA8F536B8B3D}.Ad-Hoc|iPhone.Deploy.0 = Release|Any CPU
		{41CEDB6E-EE43-4C45-8040-DA8F536B8B3D}.Ad-Hoc|iPhoneSimulator.ActiveCfg = Release|Any CPU
		{41CEDB6E-EE43-4C45-8040-DA8F536B8B3D}.Ad-Hoc|iPhoneSimulator.Build.0 = Release|Any CPU
		{41CEDB6E-EE43-4C45-8040-DA8F536B8B3D}.Ad-Hoc|iPhoneSimulator.Deploy.0 = Release|Any CPU
		{41CEDB6E-EE43-4C45-8040-DA8F536B8B3D}.Ad-Hoc|x64.ActiveCfg = Release|Any CPU
		{41CEDB6E-EE43-4C45-8040-DA8F536B8B3D}.Ad-Hoc|x64.Build.0 = Release|Any CPU
		{41CEDB6E-EE43-4C45-8040-DA8F536B8B3D}.Ad-Hoc|x64.Deploy.0 = Release|Any CPU
		{41CEDB6E-EE43-4C45-8040-DA8F536B8B3D}.Ad-Hoc|x86.ActiveCfg = Release|x86
		{41CEDB6E-EE43-4C45-8040-DA8F536B8B3D}.Ad-Hoc|x86.Build.0 = Release|x86
		{41CEDB6E-EE43-4C45-8040-DA8F536B8B3D}.Ad-Hoc|x86.Deploy.0 = Release|x86
		{41CEDB6E-EE43-4C45-8040-DA8F536B8B3D}.AppStore|Any CPU.ActiveCfg = Release|Any CPU
		{41CEDB6E-EE43-4C45-8040-DA8F536B8B3D}.AppStore|Any CPU.Build.0 = Release|Any CPU
		{41CEDB6E-EE43-4C45-8040-DA8F536B8B3D}.AppStore|Any CPU.Deploy.0 = Release|Any CPU
		{41CEDB6E-EE43-4C45-8040-DA8F536B8B3D}.AppStore|ARM.ActiveCfg = Release|ARM
		{41CEDB6E-EE43-4C45-8040-DA8F536B8B3D}.AppStore|ARM.Build.0 = Release|ARM
		{41CEDB6E-EE43-4C45-8040-DA8F536B8B3D}.AppStore|ARM.Deploy.0 = Release|ARM
		{41CEDB6E-EE43-4C45-8040-DA8F536B8B3D}.AppStore|iPhone.ActiveCfg = Release|Any CPU
		{41CEDB6E-EE43-4C45-8040-DA8F536B8B3D}.AppStore|iPhone.Build.0 = Release|Any CPU
		{41CEDB6E-EE43-4C45-8040-DA8F536B8B3D}.AppStore|iPhone.Deploy.0 = Release|Any CPU
		{41CEDB6E-EE43-4C45-8040-DA8F536B8B3D}.AppStore|iPhoneSimulator.ActiveCfg = Release|Any CPU
		{41CEDB6E-EE43-4C45-8040-DA8F536B8B3D}.AppStore|iPhoneSimulator.Build.0 = Release|Any CPU
		{41CEDB6E-EE43-4C45-8040-DA8F536B8B3D}.AppStore|iPhoneSimulator.Deploy.0 = Release|Any CPU
		{41CEDB6E-EE43-4C45-8040-DA8F536B8B3D}.AppStore|x64.ActiveCfg = Release|Any CPU
		{41CEDB6E-EE43-4C45-8040-DA8F536B8B3D}.AppStore|x64.Build.0 = Release|Any CPU
		{41CEDB6E-EE43-4C45-8040-DA8F536B8B3D}.AppStore|x64.Deploy.0 = Release|Any CPU
		{41CEDB6E-EE43-4C45-8040-DA8F536B8B3D}.AppStore|x86.ActiveCfg = Release|x86
		{41CEDB6E-EE43-4C45-8040-DA8F536B8B3D}.AppStore|x86.Build.0 = Release|x86
		{41CEDB6E-EE43-4C45-8040-DA8F536B8B3D}.AppStore|x86.Deploy.0 = Release|x86
		{41CEDB6E-EE43-4C45-8040-DA8F536B8B3D}.Debug|Any CPU.ActiveCfg = Debug|Any CPU
		{41CEDB6E-EE43-4C45-8040-DA8F536B8B3D}.Debug|Any CPU.Build.0 = Debug|Any CPU
		{41CEDB6E-EE43-4C45-8040-DA8F536B8B3D}.Debug|Any CPU.Deploy.0 = Debug|Any CPU
		{41CEDB6E-EE43-4C45-8040-DA8F536B8B3D}.Debug|ARM.ActiveCfg = Debug|ARM
		{41CEDB6E-EE43-4C45-8040-DA8F536B8B3D}.Debug|ARM.Build.0 = Debug|ARM
		{41CEDB6E-EE43-4C45-8040-DA8F536B8B3D}.Debug|ARM.Deploy.0 = Debug|ARM
		{41CEDB6E-EE43-4C45-8040-DA8F536B8B3D}.Debug|iPhone.ActiveCfg = Debug|Any CPU
		{41CEDB6E-EE43-4C45-8040-DA8F536B8B3D}.Debug|iPhone.Build.0 = Debug|Any CPU
		{41CEDB6E-EE43-4C45-8040-DA8F536B8B3D}.Debug|iPhone.Deploy.0 = Debug|Any CPU
		{41CEDB6E-EE43-4C45-8040-DA8F536B8B3D}.Debug|iPhoneSimulator.ActiveCfg = Debug|Any CPU
		{41CEDB6E-EE43-4C45-8040-DA8F536B8B3D}.Debug|iPhoneSimulator.Build.0 = Debug|Any CPU
		{41CEDB6E-EE43-4C45-8040-DA8F536B8B3D}.Debug|iPhoneSimulator.Deploy.0 = Debug|Any CPU
		{41CEDB6E-EE43-4C45-8040-DA8F536B8B3D}.Debug|x64.ActiveCfg = Debug|Any CPU
		{41CEDB6E-EE43-4C45-8040-DA8F536B8B3D}.Debug|x64.Build.0 = Debug|Any CPU
		{41CEDB6E-EE43-4C45-8040-DA8F536B8B3D}.Debug|x64.Deploy.0 = Debug|Any CPU
		{41CEDB6E-EE43-4C45-8040-DA8F536B8B3D}.Debug|x86.ActiveCfg = Debug|x86
		{41CEDB6E-EE43-4C45-8040-DA8F536B8B3D}.Debug|x86.Build.0 = Debug|x86
		{41CEDB6E-EE43-4C45-8040-DA8F536B8B3D}.Debug|x86.Deploy.0 = Debug|x86
		{41CEDB6E-EE43-4C45-8040-DA8F536B8B3D}.Release|Any CPU.ActiveCfg = Release|Any CPU
		{41CEDB6E-EE43-4C45-8040-DA8F536B8B3D}.Release|Any CPU.Build.0 = Release|Any CPU
		{41CEDB6E-EE43-4C45-8040-DA8F536B8B3D}.Release|Any CPU.Deploy.0 = Release|Any CPU
		{41CEDB6E-EE43-4C45-8040-DA8F536B8B3D}.Release|ARM.ActiveCfg = Release|ARM
		{41CEDB6E-EE43-4C45-8040-DA8F536B8B3D}.Release|ARM.Build.0 = Release|ARM
		{41CEDB6E-EE43-4C45-8040-DA8F536B8B3D}.Release|ARM.Deploy.0 = Release|ARM
		{41CEDB6E-EE43-4C45-8040-DA8F536B8B3D}.Release|iPhone.ActiveCfg = Release|Any CPU
		{41CEDB6E-EE43-4C45-8040-DA8F536B8B3D}.Release|iPhone.Build.0 = Release|Any CPU
		{41CEDB6E-EE43-4C45-8040-DA8F536B8B3D}.Release|iPhone.Deploy.0 = Release|Any CPU
		{41CEDB6E-EE43-4C45-8040-DA8F536B8B3D}.Release|iPhoneSimulator.ActiveCfg = Release|Any CPU
		{41CEDB6E-EE43-4C45-8040-DA8F536B8B3D}.Release|iPhoneSimulator.Build.0 = Release|Any CPU
		{41CEDB6E-EE43-4C45-8040-DA8F536B8B3D}.Release|iPhoneSimulator.Deploy.0 = Release|Any CPU
		{41CEDB6E-EE43-4C45-8040-DA8F536B8B3D}.Release|x64.ActiveCfg = Release|Any CPU
		{41CEDB6E-EE43-4C45-8040-DA8F536B8B3D}.Release|x64.Build.0 = Release|Any CPU
		{41CEDB6E-EE43-4C45-8040-DA8F536B8B3D}.Release|x64.Deploy.0 = Release|Any CPU
		{41CEDB6E-EE43-4C45-8040-DA8F536B8B3D}.Release|x86.ActiveCfg = Release|x86
		{41CEDB6E-EE43-4C45-8040-DA8F536B8B3D}.Release|x86.Build.0 = Release|x86
		{41CEDB6E-EE43-4C45-8040-DA8F536B8B3D}.Release|x86.Deploy.0 = Release|x86
		{7E63243E-CF26-4C1A-A15B-9B2AFB58E387}.Ad-Hoc|Any CPU.ActiveCfg = Release|x86
		{7E63243E-CF26-4C1A-A15B-9B2AFB58E387}.Ad-Hoc|Any CPU.Build.0 = Release|x86
		{7E63243E-CF26-4C1A-A15B-9B2AFB58E387}.Ad-Hoc|Any CPU.Deploy.0 = Release|x86
		{7E63243E-CF26-4C1A-A15B-9B2AFB58E387}.Ad-Hoc|ARM.ActiveCfg = Release|ARM
		{7E63243E-CF26-4C1A-A15B-9B2AFB58E387}.Ad-Hoc|ARM.Build.0 = Release|ARM
		{7E63243E-CF26-4C1A-A15B-9B2AFB58E387}.Ad-Hoc|ARM.Deploy.0 = Release|ARM
		{7E63243E-CF26-4C1A-A15B-9B2AFB58E387}.Ad-Hoc|iPhone.ActiveCfg = Release|x86
		{7E63243E-CF26-4C1A-A15B-9B2AFB58E387}.Ad-Hoc|iPhone.Build.0 = Release|x86
		{7E63243E-CF26-4C1A-A15B-9B2AFB58E387}.Ad-Hoc|iPhone.Deploy.0 = Release|x86
		{7E63243E-CF26-4C1A-A15B-9B2AFB58E387}.Ad-Hoc|iPhoneSimulator.ActiveCfg = Release|x86
		{7E63243E-CF26-4C1A-A15B-9B2AFB58E387}.Ad-Hoc|iPhoneSimulator.Build.0 = Release|x86
		{7E63243E-CF26-4C1A-A15B-9B2AFB58E387}.Ad-Hoc|iPhoneSimulator.Deploy.0 = Release|x86
		{7E63243E-CF26-4C1A-A15B-9B2AFB58E387}.Ad-Hoc|x64.ActiveCfg = Release|x64
		{7E63243E-CF26-4C1A-A15B-9B2AFB58E387}.Ad-Hoc|x64.Build.0 = Release|x64
		{7E63243E-CF26-4C1A-A15B-9B2AFB58E387}.Ad-Hoc|x64.Deploy.0 = Release|x64
		{7E63243E-CF26-4C1A-A15B-9B2AFB58E387}.Ad-Hoc|x86.ActiveCfg = Release|x86
		{7E63243E-CF26-4C1A-A15B-9B2AFB58E387}.Ad-Hoc|x86.Build.0 = Release|x86
		{7E63243E-CF26-4C1A-A15B-9B2AFB58E387}.Ad-Hoc|x86.Deploy.0 = Release|x86
		{7E63243E-CF26-4C1A-A15B-9B2AFB58E387}.AppStore|Any CPU.ActiveCfg = Release|x86
		{7E63243E-CF26-4C1A-A15B-9B2AFB58E387}.AppStore|Any CPU.Build.0 = Release|x86
		{7E63243E-CF26-4C1A-A15B-9B2AFB58E387}.AppStore|Any CPU.Deploy.0 = Release|x86
		{7E63243E-CF26-4C1A-A15B-9B2AFB58E387}.AppStore|ARM.ActiveCfg = Release|ARM
		{7E63243E-CF26-4C1A-A15B-9B2AFB58E387}.AppStore|ARM.Build.0 = Release|ARM
		{7E63243E-CF26-4C1A-A15B-9B2AFB58E387}.AppStore|ARM.Deploy.0 = Release|ARM
		{7E63243E-CF26-4C1A-A15B-9B2AFB58E387}.AppStore|iPhone.ActiveCfg = Release|x86
		{7E63243E-CF26-4C1A-A15B-9B2AFB58E387}.AppStore|iPhone.Build.0 = Release|x86
		{7E63243E-CF26-4C1A-A15B-9B2AFB58E387}.AppStore|iPhone.Deploy.0 = Release|x86
		{7E63243E-CF26-4C1A-A15B-9B2AFB58E387}.AppStore|iPhoneSimulator.ActiveCfg = Release|x86
		{7E63243E-CF26-4C1A-A15B-9B2AFB58E387}.AppStore|iPhoneSimulator.Build.0 = Release|x86
		{7E63243E-CF26-4C1A-A15B-9B2AFB58E387}.AppStore|iPhoneSimulator.Deploy.0 = Release|x86
		{7E63243E-CF26-4C1A-A15B-9B2AFB58E387}.AppStore|x64.ActiveCfg = Release|x64
		{7E63243E-CF26-4C1A-A15B-9B2AFB58E387}.AppStore|x64.Build.0 = Release|x64
		{7E63243E-CF26-4C1A-A15B-9B2AFB58E387}.AppStore|x64.Deploy.0 = Release|x64
		{7E63243E-CF26-4C1A-A15B-9B2AFB58E387}.AppStore|x86.ActiveCfg = Release|x86
		{7E63243E-CF26-4C1A-A15B-9B2AFB58E387}.AppStore|x86.Build.0 = Release|x86
		{7E63243E-CF26-4C1A-A15B-9B2AFB58E387}.AppStore|x86.Deploy.0 = Release|x86
		{7E63243E-CF26-4C1A-A15B-9B2AFB58E387}.Debug|Any CPU.ActiveCfg = Debug|x86
		{7E63243E-CF26-4C1A-A15B-9B2AFB58E387}.Debug|ARM.ActiveCfg = Debug|ARM
		{7E63243E-CF26-4C1A-A15B-9B2AFB58E387}.Debug|ARM.Build.0 = Debug|ARM
		{7E63243E-CF26-4C1A-A15B-9B2AFB58E387}.Debug|ARM.Deploy.0 = Debug|ARM
		{7E63243E-CF26-4C1A-A15B-9B2AFB58E387}.Debug|iPhone.ActiveCfg = Debug|x86
		{7E63243E-CF26-4C1A-A15B-9B2AFB58E387}.Debug|iPhoneSimulator.ActiveCfg = Debug|x86
		{7E63243E-CF26-4C1A-A15B-9B2AFB58E387}.Debug|x64.ActiveCfg = Debug|x64
		{7E63243E-CF26-4C1A-A15B-9B2AFB58E387}.Debug|x64.Build.0 = Debug|x64
		{7E63243E-CF26-4C1A-A15B-9B2AFB58E387}.Debug|x64.Deploy.0 = Debug|x64
		{7E63243E-CF26-4C1A-A15B-9B2AFB58E387}.Debug|x86.ActiveCfg = Debug|x86
		{7E63243E-CF26-4C1A-A15B-9B2AFB58E387}.Debug|x86.Build.0 = Debug|x86
		{7E63243E-CF26-4C1A-A15B-9B2AFB58E387}.Debug|x86.Deploy.0 = Debug|x86
		{7E63243E-CF26-4C1A-A15B-9B2AFB58E387}.Release|Any CPU.ActiveCfg = Release|x86
		{7E63243E-CF26-4C1A-A15B-9B2AFB58E387}.Release|ARM.ActiveCfg = Release|ARM
		{7E63243E-CF26-4C1A-A15B-9B2AFB58E387}.Release|ARM.Build.0 = Release|ARM
		{7E63243E-CF26-4C1A-A15B-9B2AFB58E387}.Release|ARM.Deploy.0 = Release|ARM
		{7E63243E-CF26-4C1A-A15B-9B2AFB58E387}.Release|iPhone.ActiveCfg = Release|x86
		{7E63243E-CF26-4C1A-A15B-9B2AFB58E387}.Release|iPhoneSimulator.ActiveCfg = Release|x86
		{7E63243E-CF26-4C1A-A15B-9B2AFB58E387}.Release|x64.ActiveCfg = Release|x64
		{7E63243E-CF26-4C1A-A15B-9B2AFB58E387}.Release|x64.Build.0 = Release|x64
		{7E63243E-CF26-4C1A-A15B-9B2AFB58E387}.Release|x64.Deploy.0 = Release|x64
		{7E63243E-CF26-4C1A-A15B-9B2AFB58E387}.Release|x86.ActiveCfg = Release|x86
		{7E63243E-CF26-4C1A-A15B-9B2AFB58E387}.Release|x86.Build.0 = Release|x86
		{7E63243E-CF26-4C1A-A15B-9B2AFB58E387}.Release|x86.Deploy.0 = Release|x86
		{9050D8E9-FCA1-429B-A4F4-1094D7CFE6A0}.Ad-Hoc|Any CPU.ActiveCfg = Release|Any CPU
		{9050D8E9-FCA1-429B-A4F4-1094D7CFE6A0}.Ad-Hoc|Any CPU.Build.0 = Release|Any CPU
		{9050D8E9-FCA1-429B-A4F4-1094D7CFE6A0}.Ad-Hoc|Any CPU.Deploy.0 = Release|Any CPU
		{9050D8E9-FCA1-429B-A4F4-1094D7CFE6A0}.Ad-Hoc|ARM.ActiveCfg = Release|ARM
		{9050D8E9-FCA1-429B-A4F4-1094D7CFE6A0}.Ad-Hoc|ARM.Build.0 = Release|ARM
		{9050D8E9-FCA1-429B-A4F4-1094D7CFE6A0}.Ad-Hoc|ARM.Deploy.0 = Release|ARM
		{9050D8E9-FCA1-429B-A4F4-1094D7CFE6A0}.Ad-Hoc|iPhone.ActiveCfg = Release|Any CPU
		{9050D8E9-FCA1-429B-A4F4-1094D7CFE6A0}.Ad-Hoc|iPhone.Build.0 = Release|Any CPU
		{9050D8E9-FCA1-429B-A4F4-1094D7CFE6A0}.Ad-Hoc|iPhone.Deploy.0 = Release|Any CPU
		{9050D8E9-FCA1-429B-A4F4-1094D7CFE6A0}.Ad-Hoc|iPhoneSimulator.ActiveCfg = Release|Any CPU
		{9050D8E9-FCA1-429B-A4F4-1094D7CFE6A0}.Ad-Hoc|iPhoneSimulator.Build.0 = Release|Any CPU
		{9050D8E9-FCA1-429B-A4F4-1094D7CFE6A0}.Ad-Hoc|iPhoneSimulator.Deploy.0 = Release|Any CPU
		{9050D8E9-FCA1-429B-A4F4-1094D7CFE6A0}.Ad-Hoc|x64.ActiveCfg = Release|x64
		{9050D8E9-FCA1-429B-A4F4-1094D7CFE6A0}.Ad-Hoc|x64.Build.0 = Release|x64
		{9050D8E9-FCA1-429B-A4F4-1094D7CFE6A0}.Ad-Hoc|x64.Deploy.0 = Release|x64
		{9050D8E9-FCA1-429B-A4F4-1094D7CFE6A0}.Ad-Hoc|x86.ActiveCfg = Release|x86
		{9050D8E9-FCA1-429B-A4F4-1094D7CFE6A0}.Ad-Hoc|x86.Build.0 = Release|x86
		{9050D8E9-FCA1-429B-A4F4-1094D7CFE6A0}.Ad-Hoc|x86.Deploy.0 = Release|x86
		{9050D8E9-FCA1-429B-A4F4-1094D7CFE6A0}.AppStore|Any CPU.ActiveCfg = Release|Any CPU
		{9050D8E9-FCA1-429B-A4F4-1094D7CFE6A0}.AppStore|Any CPU.Build.0 = Release|Any CPU
		{9050D8E9-FCA1-429B-A4F4-1094D7CFE6A0}.AppStore|Any CPU.Deploy.0 = Release|Any CPU
		{9050D8E9-FCA1-429B-A4F4-1094D7CFE6A0}.AppStore|ARM.ActiveCfg = Release|ARM
		{9050D8E9-FCA1-429B-A4F4-1094D7CFE6A0}.AppStore|ARM.Build.0 = Release|ARM
		{9050D8E9-FCA1-429B-A4F4-1094D7CFE6A0}.AppStore|ARM.Deploy.0 = Release|ARM
		{9050D8E9-FCA1-429B-A4F4-1094D7CFE6A0}.AppStore|iPhone.ActiveCfg = Release|Any CPU
		{9050D8E9-FCA1-429B-A4F4-1094D7CFE6A0}.AppStore|iPhone.Build.0 = Release|Any CPU
		{9050D8E9-FCA1-429B-A4F4-1094D7CFE6A0}.AppStore|iPhone.Deploy.0 = Release|Any CPU
		{9050D8E9-FCA1-429B-A4F4-1094D7CFE6A0}.AppStore|iPhoneSimulator.ActiveCfg = Release|Any CPU
		{9050D8E9-FCA1-429B-A4F4-1094D7CFE6A0}.AppStore|iPhoneSimulator.Build.0 = Release|Any CPU
		{9050D8E9-FCA1-429B-A4F4-1094D7CFE6A0}.AppStore|iPhoneSimulator.Deploy.0 = Release|Any CPU
		{9050D8E9-FCA1-429B-A4F4-1094D7CFE6A0}.AppStore|x64.ActiveCfg = Release|x64
		{9050D8E9-FCA1-429B-A4F4-1094D7CFE6A0}.AppStore|x64.Build.0 = Release|x64
		{9050D8E9-FCA1-429B-A4F4-1094D7CFE6A0}.AppStore|x64.Deploy.0 = Release|x64
		{9050D8E9-FCA1-429B-A4F4-1094D7CFE6A0}.AppStore|x86.ActiveCfg = Release|x86
		{9050D8E9-FCA1-429B-A4F4-1094D7CFE6A0}.AppStore|x86.Build.0 = Release|x86
		{9050D8E9-FCA1-429B-A4F4-1094D7CFE6A0}.AppStore|x86.Deploy.0 = Release|x86
		{9050D8E9-FCA1-429B-A4F4-1094D7CFE6A0}.Debug|Any CPU.ActiveCfg = Debug|Any CPU
		{9050D8E9-FCA1-429B-A4F4-1094D7CFE6A0}.Debug|Any CPU.Build.0 = Debug|Any CPU
		{9050D8E9-FCA1-429B-A4F4-1094D7CFE6A0}.Debug|Any CPU.Deploy.0 = Debug|Any CPU
		{9050D8E9-FCA1-429B-A4F4-1094D7CFE6A0}.Debug|ARM.ActiveCfg = Debug|ARM
		{9050D8E9-FCA1-429B-A4F4-1094D7CFE6A0}.Debug|ARM.Build.0 = Debug|ARM
		{9050D8E9-FCA1-429B-A4F4-1094D7CFE6A0}.Debug|ARM.Deploy.0 = Debug|ARM
		{9050D8E9-FCA1-429B-A4F4-1094D7CFE6A0}.Debug|iPhone.ActiveCfg = Debug|Any CPU
		{9050D8E9-FCA1-429B-A4F4-1094D7CFE6A0}.Debug|iPhone.Build.0 = Debug|Any CPU
		{9050D8E9-FCA1-429B-A4F4-1094D7CFE6A0}.Debug|iPhone.Deploy.0 = Debug|Any CPU
		{9050D8E9-FCA1-429B-A4F4-1094D7CFE6A0}.Debug|iPhoneSimulator.ActiveCfg = Debug|Any CPU
		{9050D8E9-FCA1-429B-A4F4-1094D7CFE6A0}.Debug|iPhoneSimulator.Build.0 = Debug|Any CPU
		{9050D8E9-FCA1-429B-A4F4-1094D7CFE6A0}.Debug|iPhoneSimulator.Deploy.0 = Debug|Any CPU
		{9050D8E9-FCA1-429B-A4F4-1094D7CFE6A0}.Debug|x64.ActiveCfg = Debug|x64
		{9050D8E9-FCA1-429B-A4F4-1094D7CFE6A0}.Debug|x64.Build.0 = Debug|x64
		{9050D8E9-FCA1-429B-A4F4-1094D7CFE6A0}.Debug|x64.Deploy.0 = Debug|x64
		{9050D8E9-FCA1-429B-A4F4-1094D7CFE6A0}.Debug|x86.ActiveCfg = Debug|x86
		{9050D8E9-FCA1-429B-A4F4-1094D7CFE6A0}.Debug|x86.Build.0 = Debug|x86
		{9050D8E9-FCA1-429B-A4F4-1094D7CFE6A0}.Debug|x86.Deploy.0 = Debug|x86
		{9050D8E9-FCA1-429B-A4F4-1094D7CFE6A0}.Release|Any CPU.ActiveCfg = Release|Any CPU
		{9050D8E9-FCA1-429B-A4F4-1094D7CFE6A0}.Release|Any CPU.Build.0 = Release|Any CPU
		{9050D8E9-FCA1-429B-A4F4-1094D7CFE6A0}.Release|Any CPU.Deploy.0 = Release|Any CPU
		{9050D8E9-FCA1-429B-A4F4-1094D7CFE6A0}.Release|ARM.ActiveCfg = Release|ARM
		{9050D8E9-FCA1-429B-A4F4-1094D7CFE6A0}.Release|ARM.Build.0 = Release|ARM
		{9050D8E9-FCA1-429B-A4F4-1094D7CFE6A0}.Release|ARM.Deploy.0 = Release|ARM
		{9050D8E9-FCA1-429B-A4F4-1094D7CFE6A0}.Release|iPhone.ActiveCfg = Release|Any CPU
		{9050D8E9-FCA1-429B-A4F4-1094D7CFE6A0}.Release|iPhone.Build.0 = Release|Any CPU
		{9050D8E9-FCA1-429B-A4F4-1094D7CFE6A0}.Release|iPhone.Deploy.0 = Release|Any CPU
		{9050D8E9-FCA1-429B-A4F4-1094D7CFE6A0}.Release|iPhoneSimulator.ActiveCfg = Release|Any CPU
		{9050D8E9-FCA1-429B-A4F4-1094D7CFE6A0}.Release|iPhoneSimulator.Build.0 = Release|Any CPU
		{9050D8E9-FCA1-429B-A4F4-1094D7CFE6A0}.Release|iPhoneSimulator.Deploy.0 = Release|Any CPU
		{9050D8E9-FCA1-429B-A4F4-1094D7CFE6A0}.Release|x64.ActiveCfg = Release|x64
		{9050D8E9-FCA1-429B-A4F4-1094D7CFE6A0}.Release|x64.Build.0 = Release|x64
		{9050D8E9-FCA1-429B-A4F4-1094D7CFE6A0}.Release|x64.Deploy.0 = Release|x64
		{9050D8E9-FCA1-429B-A4F4-1094D7CFE6A0}.Release|x86.ActiveCfg = Release|x86
		{9050D8E9-FCA1-429B-A4F4-1094D7CFE6A0}.Release|x86.Build.0 = Release|x86
		{9050D8E9-FCA1-429B-A4F4-1094D7CFE6A0}.Release|x86.Deploy.0 = Release|x86
	EndGlobalSection
	GlobalSection(SolutionProperties) = preSolution
		HideSolutionNode = FALSE
	EndGlobalSection
EndGlobal
